
Microsoft Visual Studio Solution File, Format Version 12.00
# Visual Studio Version 17
VisualStudioVersion = 17.3.32811.315
MinimumVisualStudioVersion = 10.0.40219.1
Project("{FAE04EC0-301F-11D3-BF4B-00C04F79EFBC}") = "CarManufactory", "CarManufactory\CarManufactory.csproj", "{D82F668A-C4F4-4D1F-8B4B-DD64DDA2874D}"
EndProject
Global
	GlobalSection(SolutionConfigurationPlatforms) = preSolution
		Debug|Any CPU = Debug|Any CPU
		Release|Any CPU = Release|Any CPU
	EndGlobalSection
	GlobalSection(ProjectConfigurationPlatforms) = postSolution
		{D82F668A-C4F4-4D1F-8B4B-DD64DDA2874D}.Debug|Any CPU.ActiveCfg = Debug|Any CPU
		{D82F668A-C4F4-4D1F-8B4B-DD64DDA2874D}.Debug|Any CPU.Build.0 = Debug|Any CPU
		{D82F668A-C4F4-4D1F-8B4B-DD64DDA2874D}.Release|Any CPU.ActiveCfg = Release|Any CPU
		{D82F668A-C4F4-4D1F-8B4B-DD64DDA2874D}.Release|Any CPU.Build.0 = Release|Any CPU
	EndGlobalSection
	GlobalSection(SolutionProperties) = preSolution
		HideSolutionNode = FALSE
	EndGlobalSection
	GlobalSection(ExtensibilityGlobals) = postSolution
		SolutionGuid = {0CB4DBB6-05A8-4CD6-B932-8B7B29C1C3CF}
	EndGlobalSection
EndGlobal
